
Microsoft Visual Studio Solution File, Format Version 12.00
# Visual Studio Version 16
VisualStudioVersion = 16.0.31729.503
MinimumVisualStudioVersion = 10.0.40219.1
Project("{FAE04EC0-301F-11D3-BF4B-00C04F79EFBC}") = "SimQCore", "SimQCore\SimQCore.csproj", "{D7DB6CAC-890B-447C-A082-272882CD8B16}"
EndProject
Global
	GlobalSection(SolutionConfigurationPlatforms) = preSolution
		Debug|Any CPU = Debug|Any CPU
		Release|Any CPU = Release|Any CPU
	EndGlobalSection
	GlobalSection(ProjectConfigurationPlatforms) = postSolution
		{D7DB6CAC-890B-447C-A082-272882CD8B16}.Debug|Any CPU.ActiveCfg = Debug|Any CPU
		{D7DB6CAC-890B-447C-A082-272882CD8B16}.Debug|Any CPU.Build.0 = Debug|Any CPU
		{D7DB6CAC-890B-447C-A082-272882CD8B16}.Release|Any CPU.ActiveCfg = Release|Any CPU
		{D7DB6CAC-890B-447C-A082-272882CD8B16}.Release|Any CPU.Build.0 = Release|Any CPU
	EndGlobalSection
	GlobalSection(SolutionProperties) = preSolution
		HideSolutionNode = FALSE
	EndGlobalSection
	GlobalSection(ExtensibilityGlobals) = postSolution
		SolutionGuid = {49726508-0C13-4741-AE8A-2FE71AB908BD}
	EndGlobalSection
EndGlobal
