
Microsoft Visual Studio Solution File, Format Version 12.00
# Visual Studio Version 16
VisualStudioVersion = 16.0.31129.286
MinimumVisualStudioVersion = 10.0.40219.1
Project("{9A19103F-16F7-4668-BE54-9A1E7A4F7556}") = "SIMQ", "SIMQ\SIMQ.csproj", "{C3C9D866-6477-4600-A8D2-8F76CC775509}"
EndProject
Project("{FAE04EC0-301F-11D3-BF4B-00C04F79EFBC}") = "WindowsFormsTest", "WindowsFormsTest\WindowsFormsTest.csproj", "{8122960F-8912-4488-B3F4-74F864E90FC1}"
EndProject
Global
	GlobalSection(SolutionConfigurationPlatforms) = preSolution
		Debug|Any CPU = Debug|Any CPU
		Release|Any CPU = Release|Any CPU
	EndGlobalSection
	GlobalSection(ProjectConfigurationPlatforms) = postSolution
		{C3C9D866-6477-4600-A8D2-8F76CC775509}.Debug|Any CPU.ActiveCfg = Debug|Any CPU
		{C3C9D866-6477-4600-A8D2-8F76CC775509}.Debug|Any CPU.Build.0 = Debug|Any CPU
		{C3C9D866-6477-4600-A8D2-8F76CC775509}.Release|Any CPU.ActiveCfg = Release|Any CPU
		{C3C9D866-6477-4600-A8D2-8F76CC775509}.Release|Any CPU.Build.0 = Release|Any CPU
		{8122960F-8912-4488-B3F4-74F864E90FC1}.Debug|Any CPU.ActiveCfg = Debug|Any CPU
		{8122960F-8912-4488-B3F4-74F864E90FC1}.Debug|Any CPU.Build.0 = Debug|Any CPU
		{8122960F-8912-4488-B3F4-74F864E90FC1}.Release|Any CPU.ActiveCfg = Release|Any CPU
		{8122960F-8912-4488-B3F4-74F864E90FC1}.Release|Any CPU.Build.0 = Release|Any CPU
	EndGlobalSection
	GlobalSection(SolutionProperties) = preSolution
		HideSolutionNode = FALSE
	EndGlobalSection
	GlobalSection(ExtensibilityGlobals) = postSolution
		SolutionGuid = {8FCA9412-7891-4178-8E31-6F6FDB56916D}
	EndGlobalSection
EndGlobal
